// !$*UTF8*$!
{
	archiveVersion = 1;
	classes = {
	};
	objectVersion = 50;
	objects = {

/* Begin PBXBuildFile section */
		86104CD724CD7DA500C07E3E /* AppDelegate.swift in Sources */ = {isa = PBXBuildFile; fileRef = 86104CD624CD7DA500C07E3E /* AppDelegate.swift */; };
		86104CD924CD7DA500C07E3E /* SceneDelegate.swift in Sources */ = {isa = PBXBuildFile; fileRef = 86104CD824CD7DA500C07E3E /* SceneDelegate.swift */; };
		86104CDB24CD7DA500C07E3E /* ViewController.swift in Sources */ = {isa = PBXBuildFile; fileRef = 86104CDA24CD7DA500C07E3E /* ViewController.swift */; };
		86104CDE24CD7DA500C07E3E /* Main.storyboard in Resources */ = {isa = PBXBuildFile; fileRef = 86104CDC24CD7DA500C07E3E /* Main.storyboard */; };
		86104CE024CD7DA700C07E3E /* Assets.xcassets in Resources */ = {isa = PBXBuildFile; fileRef = 86104CDF24CD7DA700C07E3E /* Assets.xcassets */; };
		86104CE324CD7DA700C07E3E /* LaunchScreen.storyboard in Resources */ = {isa = PBXBuildFile; fileRef = 86104CE124CD7DA700C07E3E /* LaunchScreen.storyboard */; };
		86104CEB24CD8EB700C07E3E /* Extensions.swift in Sources */ = {isa = PBXBuildFile; fileRef = 86104CEA24CD8EB700C07E3E /* Extensions.swift */; };
		86104CED24CDCB9F00C07E3E /* GuessResultTableViewCell.swift in Sources */ = {isa = PBXBuildFile; fileRef = 86104CEC24CDCB9F00C07E3E /* GuessResultTableViewCell.swift */; };
/* End PBXBuildFile section */

/* Begin PBXFileReference section */
		86104CD324CD7DA500C07E3E /* avena_challange.app */ = {isa = PBXFileReference; explicitFileType = wrapper.application; includeInIndex = 0; path = avena_challange.app; sourceTree = BUILT_PRODUCTS_DIR; };
		86104CD624CD7DA500C07E3E /* AppDelegate.swift */ = {isa = PBXFileReference; lastKnownFileType = sourcecode.swift; path = AppDelegate.swift; sourceTree = "<group>"; };
		86104CD824CD7DA500C07E3E /* SceneDelegate.swift */ = {isa = PBXFileReference; lastKnownFileType = sourcecode.swift; path = SceneDelegate.swift; sourceTree = "<group>"; };
		86104CDA24CD7DA500C07E3E /* ViewController.swift */ = {isa = PBXFileReference; lastKnownFileType = sourcecode.swift; path = ViewController.swift; sourceTree = "<group>"; };
		86104CDD24CD7DA500C07E3E /* Base */ = {isa = PBXFileReference; lastKnownFileType = file.storyboard; name = Base; path = Base.lproj/Main.storyboard; sourceTree = "<group>"; };
		86104CDF24CD7DA700C07E3E /* Assets.xcassets */ = {isa = PBXFileReference; lastKnownFileType = folder.assetcatalog; path = Assets.xcassets; sourceTree = "<group>"; };
		86104CE224CD7DA700C07E3E /* Base */ = {isa = PBXFileReference; lastKnownFileType = file.storyboard; name = Base; path = Base.lproj/LaunchScreen.storyboard; sourceTree = "<group>"; };
		86104CE424CD7DA700C07E3E /* Info.plist */ = {isa = PBXFileReference; lastKnownFileType = text.plist.xml; path = Info.plist; sourceTree = "<group>"; };
		86104CEA24CD8EB700C07E3E /* Extensions.swift */ = {isa = PBXFileReference; lastKnownFileType = sourcecode.swift; path = Extensions.swift; sourceTree = "<group>"; };
		86104CEC24CDCB9F00C07E3E /* GuessResultTableViewCell.swift */ = {isa = PBXFileReference; lastKnownFileType = sourcecode.swift; path = GuessResultTableViewCell.swift; sourceTree = "<group>"; };
/* End PBXFileReference section */

/* Begin PBXFrameworksBuildPhase section */
		86104CD024CD7DA500C07E3E /* Frameworks */ = {
			isa = PBXFrameworksBuildPhase;
			buildActionMask = 2147483647;
			files = (
			);
			runOnlyForDeploymentPostprocessing = 0;
		};
/* End PBXFrameworksBuildPhase section */

/* Begin PBXGroup section */
		86104CCA24CD7DA500C07E3E = {
			isa = PBXGroup;
			children = (
				86104CD524CD7DA500C07E3E /* avena_challange */,
				86104CD424CD7DA500C07E3E /* Products */,
			);
			sourceTree = "<group>";
		};
		86104CD424CD7DA500C07E3E /* Products */ = {
			isa = PBXGroup;
			children = (
				86104CD324CD7DA500C07E3E /* avena_challange.app */,
			);
			name = Products;
			sourceTree = "<group>";
		};
		86104CD524CD7DA500C07E3E /* avena_challange */ = {
			isa = PBXGroup;
			children = (
				86104CD624CD7DA500C07E3E /* AppDelegate.swift */,
				86104CD824CD7DA500C07E3E /* SceneDelegate.swift */,
				86104CDA24CD7DA500C07E3E /* ViewController.swift */,
				86104CDC24CD7DA500C07E3E /* Main.storyboard */,
				86104CDF24CD7DA700C07E3E /* Assets.xcassets */,
				86104CE124CD7DA700C07E3E /* LaunchScreen.storyboard */,
				86104CE424CD7DA700C07E3E /* Info.plist */,
				86104CEA24CD8EB700C07E3E /* Extensions.swift */,
				86104CEC24CDCB9F00C07E3E /* GuessResultTableViewCell.swift */,
			);
			path = avena_challange;
			sourceTree = "<group>";
		};
/* End PBXGroup section */

/* Begin PBXNativeTarget section */
		86104CD224CD7DA500C07E3E /* avena_challange */ = {
			isa = PBXNativeTarget;
			buildConfigurationList = 86104CE724CD7DA700C07E3E /* Build configuration list for PBXNativeTarget "avena_challange" */;
			buildPhases = (
				86104CCF24CD7DA500C07E3E /* Sources */,
				86104CD024CD7DA500C07E3E /* Frameworks */,
				86104CD124CD7DA500C07E3E /* Resources */,
			);
			buildRules = (
			);
			dependencies = (
			);
			name = avena_challange;
			productName = avena_challange;
			productReference = 86104CD324CD7DA500C07E3E /* avena_challange.app */;
			productType = "com.apple.product-type.application";
		};
/* End PBXNativeTarget section */

/* Begin PBXProject section */
		86104CCB24CD7DA500C07E3E /* Project object */ = {
			isa = PBXProject;
			attributes = {
				LastSwiftUpdateCheck = 1130;
				LastUpgradeCheck = 1130;
				ORGANIZATIONNAME = "Omer Kaya";
				TargetAttributes = {
					86104CD224CD7DA500C07E3E = {
						CreatedOnToolsVersion = 11.3.1;
					};
				};
			};
			buildConfigurationList = 86104CCE24CD7DA500C07E3E /* Build configuration list for PBXProject "avena_challange" */;
			compatibilityVersion = "Xcode 9.3";
			developmentRegion = en;
			hasScannedForEncodings = 0;
			knownRegions = (
				en,
				Base,
			);
			mainGroup = 86104CCA24CD7DA500C07E3E;
			productRefGroup = 86104CD424CD7DA500C07E3E /* Products */;
			projectDirPath = "";
			projectRoot = "";
			targets = (
				86104CD224CD7DA500C07E3E /* avena_challange */,
			);
		};
/* End PBXProject section */

/* Begin PBXResourcesBuildPhase section */
		86104CD124CD7DA500C07E3E /* Resources */ = {
			isa = PBXResourcesBuildPhase;
			buildActionMask = 2147483647;
			files = (
				86104CE324CD7DA700C07E3E /* LaunchScreen.storyboard in Resources */,
				86104CE024CD7DA700C07E3E /* Assets.xcassets in Resources */,
				86104CDE24CD7DA500C07E3E /* Main.storyboard in Resources */,
			);
			runOnlyForDeploymentPostprocessing = 0;
		};
/* End PBXResourcesBuildPhase section */

/* Begin PBXSourcesBuildPhase section */
		86104CCF24CD7DA500C07E3E /* Sources */ = {
			isa = PBXSourcesBuildPhase;
			buildActionMask = 2147483647;
			files = (
				86104CDB24CD7DA500C07E3E /* ViewController.swift in Sources */,
				86104CD724CD7DA500C07E3E /* AppDelegate.swift in Sources */,
				86104CED24CDCB9F00C07E3E /* GuessResultTableViewCell.swift in Sources */,
				86104CD924CD7DA500C07E3E /* SceneDelegate.swift in Sources */,
				86104CEB24CD8EB700C07E3E /* Extensions.swift in Sources */,
			);
			runOnlyForDeploymentPostprocessing = 0;
		};
/* End PBXSourcesBuildPhase section */

/* Begin PBXVariantGroup section */
		86104CDC24CD7DA500C07E3E /* Main.storyboard */ = {
			isa = PBXVariantGroup;
			children = (
				86104CDD24CD7DA500C07E3E /* Base */,
			);
			name = Main.storyboard;
			sourceTree = "<group>";
		};
		86104CE124CD7DA700C07E3E /* LaunchScreen.storyboard */ = {
			isa = PBXVariantGroup;
			children = (
				86104CE224CD7DA700C07E3E /* Base */,
			);
			name = LaunchScreen.storyboard;
			sourceTree = "<group>";
		};
/* End PBXVariantGroup section */

/* Begin XCBuildConfiguration section */
		86104CE524CD7DA700C07E3E /* Debug */ = {
			isa = XCBuildConfiguration;
			buildSettings = {
				ALWAYS_SEARCH_USER_PATHS = NO;
				CLANG_ANALYZER_NONNULL = YES;
				CLANG_ANALYZER_NUMBER_OBJECT_CONVERSION = YES_AGGRESSIVE;
				CLANG_CXX_LANGUAGE_STANDARD = "gnu++14";
				CLANG_CXX_LIBRARY = "libc++";
				CLANG_ENABLE_MODULES = YES;
				CLANG_ENABLE_OBJC_ARC = YES;
				CLANG_ENABLE_OBJC_WEAK = YES;
				CLANG_WARN_BLOCK_CAPTURE_AUTORELEASING = YES;
				CLANG_WARN_BOOL_CONVERSION = YES;
				CLANG_WARN_COMMA = YES;
				CLANG_WARN_CONSTANT_CONVERSION = YES;
				CLANG_WARN_DEPRECATED_OBJC_IMPLEMENTATIONS = YES;
				CLANG_WARN_DIRECT_OBJC_ISA_USAGE = YES_ERROR;
				CLANG_WARN_DOCUMENTATION_COMMENTS = YES;
				CLANG_WARN_EMPTY_BODY = YES;
				CLANG_WARN_ENUM_CONVERSION = YES;
				CLANG_WARN_INFINITE_RECURSION = YES;
				CLANG_WARN_INT_CONVERSION = YES;
				CLANG_WARN_NON_LITERAL_NULL_CONVERSION = YES;
				CLANG_WARN_OBJC_IMPLICIT_RETAIN_SELF = YES;
				CLANG_WARN_OBJC_LITERAL_CONVERSION = YES;
				CLANG_WARN_OBJC_ROOT_CLASS = YES_ERROR;
				CLANG_WARN_RANGE_LOOP_ANALYSIS = YES;
				CLANG_WARN_STRICT_PROTOTYPES = YES;
				CLANG_WARN_SUSPICIOUS_MOVE = YES;
				CLANG_WARN_UNGUARDED_AVAILABILITY = YES_AGGRESSIVE;
				CLANG_WARN_UNREACHABLE_CODE = YES;
				CLANG_WARN__DUPLICATE_METHOD_MATCH = YES;
				COPY_PHASE_STRIP = NO;
				DEBUG_INFORMATION_FORMAT = dwarf;
				ENABLE_STRICT_OBJC_MSGSEND = YES;
				ENABLE_TESTABILITY = YES;
				GCC_C_LANGUAGE_STANDARD = gnu11;
				GCC_DYNAMIC_NO_PIC = NO;
				GCC_NO_COMMON_BLOCKS = YES;
				GCC_OPTIMIZATION_LEVEL = 0;
				GCC_PREPROCESSOR_DEFINITIONS = (
					"DEBUG=1",
					"$(inherited)",
				);
				GCC_WARN_64_TO_32_BIT_CONVERSION = YES;
				GCC_WARN_ABOUT_RETURN_TYPE = YES_ERROR;
				GCC_WARN_UNDECLARED_SELECTOR = YES;
				GCC_WARN_UNINITIALIZED_AUTOS = YES_AGGRESSIVE;
				GCC_WARN_UNUSED_FUNCTION = YES;
				GCC_WARN_UNUSED_VARIABLE = YES;
				IPHONEOS_DEPLOYMENT_TARGET = 13.2;
				MTL_ENABLE_DEBUG_INFO = INCLUDE_SOURCE;
				MTL_FAST_MATH = YES;
				ONLY_ACTIVE_ARCH = YES;
				SDKROOT = iphoneos;
				SWIFT_ACTIVE_COMPILATION_CONDITIONS = DEBUG;
				SWIFT_OPTIMIZATION_LEVEL = "-Onone";
			};
			name = Debug;
		};
		86104CE624CD7DA700C07E3E /* Release */ = {
			isa = XCBuildConfiguration;
			buildSettings = {
				ALWAYS_SEARCH_USER_PATHS = NO;
				CLANG_ANALYZER_NONNULL = YES;
				CLANG_ANALYZER_NUMBER_OBJECT_CONVERSION = YES_AGGRESSIVE;
				CLANG_CXX_LANGUAGE_STANDARD = "gnu++14";
				CLANG_CXX_LIBRARY = "libc++";
				CLANG_ENABLE_MODULES = YES;
				CLANG_ENABLE_OBJC_ARC = YES;
				CLANG_ENABLE_OBJC_WEAK = YES;
				CLANG_WARN_BLOCK_CAPTURE_AUTORELEASING = YES;
				CLANG_WARN_BOOL_CONVERSION = YES;
				CLANG_WARN_COMMA = YES;
				CLANG_WARN_CONSTANT_CONVERSION = YES;
				CLANG_WARN_DEPRECATED_OBJC_IMPLEMENTATIONS = YES;
				CLANG_WARN_DIRECT_OBJC_ISA_USAGE = YES_ERROR;
				CLANG_WARN_DOCUMENTATION_COMMENTS = YES;
				CLANG_WARN_EMPTY_BODY = YES;
				CLANG_WARN_ENUM_CONVERSION = YES;
				CLANG_WARN_INFINITE_RECURSION = YES;
				CLANG_WARN_INT_CONVERSION = YES;
				CLANG_WARN_NON_LITERAL_NULL_CONVERSION = YES;
				CLANG_WARN_OBJC_IMPLICIT_RETAIN_SELF = YES;
				CLANG_WARN_OBJC_LITERAL_CONVERSION = YES;
				CLANG_WARN_OBJC_ROOT_CLASS = YES_ERROR;
				CLANG_WARN_RANGE_LOOP_ANALYSIS = YES;
				CLANG_WARN_STRICT_PROTOTYPES = YES;
				CLANG_WARN_SUSPICIOUS_MOVE = YES;
				CLANG_WARN_UNGUARDED_AVAILABILITY = YES_AGGRESSIVE;
				CLANG_WARN_UNREACHABLE_CODE = YES;
				CLANG_WARN__DUPLICATE_METHOD_MATCH = YES;
				COPY_PHASE_STRIP = NO;
				DEBUG_INFORMATION_FORMAT = "dwarf-with-dsym";
				ENABLE_NS_ASSERTIONS = NO;
				ENABLE_STRICT_OBJC_MSGSEND = YES;
				GCC_C_LANGUAGE_STANDARD = gnu11;
				GCC_NO_COMMON_BLOCKS = YES;
				GCC_WARN_64_TO_32_BIT_CONVERSION = YES;
				GCC_WARN_ABOUT_RETURN_TYPE = YES_ERROR;
				GCC_WARN_UNDECLARED_SELECTOR = YES;
				GCC_WARN_UNINITIALIZED_AUTOS = YES_AGGRESSIVE;
				GCC_WARN_UNUSED_FUNCTION = YES;
				GCC_WARN_UNUSED_VARIABLE = YES;
				IPHONEOS_DEPLOYMENT_TARGET = 13.2;
				MTL_ENABLE_DEBUG_INFO = NO;
				MTL_FAST_MATH = YES;
				SDKROOT = iphoneos;
				SWIFT_COMPILATION_MODE = wholemodule;
				SWIFT_OPTIMIZATION_LEVEL = "-O";
				VALIDATE_PRODUCT = YES;
			};
			name = Release;
		};
		86104CE824CD7DA700C07E3E /* Debug */ = {
			isa = XCBuildConfiguration;
			buildSettings = {
				ASSETCATALOG_COMPILER_APPICON_NAME = AppIcon;
				CODE_SIGN_IDENTITY = "Apple Development";
				CODE_SIGN_STYLE = Automatic;
				DEVELOPMENT_TEAM = CS55G77VSQ;
				INFOPLIST_FILE = avena_challange/Info.plist;
				IPHONEOS_DEPLOYMENT_TARGET = 12.4;
				LD_RUNPATH_SEARCH_PATHS = (
					"$(inherited)",
					"@executable_path/Frameworks",
				);
				PRODUCT_BUNDLE_IDENTIFIER = "ock.avena-challange";
				PRODUCT_NAME = "$(TARGET_NAME)";
				PROVISIONING_PROFILE_SPECIFIER = "";
				SWIFT_VERSION = 4.2;
				TARGETED_DEVICE_FAMILY = 1;
			};
			name = Debug;
		};
		86104CE924CD7DA700C07E3E /* Release */ = {
			isa = XCBuildConfiguration;
			buildSettings = {
				ASSETCATALOG_COMPILER_APPICON_NAME = AppIcon;
				CODE_SIGN_IDENTITY = "Apple Development";
				CODE_SIGN_STYLE = Automatic;
				DEVELOPMENT_TEAM = CS55G77VSQ;
				INFOPLIST_FILE = avena_challange/Info.plist;
				IPHONEOS_DEPLOYMENT_TARGET = 12.4;
				LD_RUNPATH_SEARCH_PATHS = (
					"$(inherited)",
					"@executable_path/Frameworks",
				);
				PRODUCT_BUNDLE_IDENTIFIER = "ock.avena-challange";
				PRODUCT_NAME = "$(TARGET_NAME)";
				PROVISIONING_PROFILE_SPECIFIER = "";
				SWIFT_VERSION = 4.2;
				TARGETED_DEVICE_FAMILY = 1;
			};
			name = Release;
		};
/* End XCBuildConfiguration section */

/* Begin XCConfigurationList section */
		86104CCE24CD7DA500C07E3E /* Build configuration list for PBXProject "avena_challange" */ = {
			isa = XCConfigurationList;
			buildConfigurations = (
				86104CE524CD7DA700C07E3E /* Debug */,
				86104CE624CD7DA700C07E3E /* Release */,
			);
			defaultConfigurationIsVisible = 0;
			defaultConfigurationName = Release;
		};
		86104CE724CD7DA700C07E3E /* Build configuration list for PBXNativeTarget "avena_challange" */ = {
			isa = XCConfigurationList;
			buildConfigurations = (
				86104CE824CD7DA700C07E3E /* Debug */,
				86104CE924CD7DA700C07E3E /* Release */,
			);
			defaultConfigurationIsVisible = 0;
			defaultConfigurationName = Release;
		};
/* End XCConfigurationList section */
	};
	rootObject = 86104CCB24CD7DA500C07E3E /* Project object */;
}
